<?xml version="1.0" encoding="utf-8"?>
<Project ToolsVersion="4.0" xmlns="http://schemas.microsoft.com/developer/msbuild/2003">
  <ItemGroup>
    <ClCompile Include="Engine.cpp">
      <Filter>Engine</Filter>
    </ClCompile>
    <ClCompile Include="Scene.cpp">
      <Filter>Scene</Filter>
    </ClCompile>
    <ClCompile Include="TestScene.cpp">
      <Filter>Scene\Scenes</Filter>
    </ClCompile>
    <ClCompile Include="Mesh.cpp">
      <Filter>Graphics\Mesh</Filter>
    </ClCompile>
    <ClCompile Include="Shader.cpp">
      <Filter>Graphics\Shader</Filter>
    </ClCompile>
    <ClCompile Include="Renderer.cpp">
      <Filter>Engine\Renderer</Filter>
    </ClCompile>
    <ClCompile Include="main.cpp">
      <Filter>Misc</Filter>
    </ClCompile>
    <ClCompile Include="tiny_obj_loader.cc">
      <Filter>Graphics\Mesh\TOL</Filter>
    </ClCompile>
    <ClCompile Include="Camera.cpp">
      <Filter>Engine\Camera</Filter>
    </ClCompile>
    <ClCompile Include="Input.cpp">
      <Filter>Engine\Input</Filter>
    </ClCompile>
  </ItemGroup>
  <ItemGroup>
    <Filter Include="Engine">
      <UniqueIdentifier>{b0257a35-038c-4568-b384-da68597a9bc3}</UniqueIdentifier>
    </Filter>
    <Filter Include="Graphics">
      <UniqueIdentifier>{04235c4e-ba7d-463d-a552-88ed563ae38f}</UniqueIdentifier>
    </Filter>
    <Filter Include="Scene">
      <UniqueIdentifier>{e3e4da7f-051b-47b5-8785-13ea7abd127d}</UniqueIdentifier>
    </Filter>
    <Filter Include="Scene\Scenes">
      <UniqueIdentifier>{c29dfdf8-b3ac-46e4-8a9a-26c7fa24597e}</UniqueIdentifier>
    </Filter>
    <Filter Include="Graphics\Mesh">
      <UniqueIdentifier>{e9c2f9e2-c56a-42cc-a677-e11d7807922e}</UniqueIdentifier>
    </Filter>
    <Filter Include="Graphics\Shader">
      <UniqueIdentifier>{405090f8-251f-4565-ac41-f28279dae729}</UniqueIdentifier>
    </Filter>
    <Filter Include="Engine\Renderer">
      <UniqueIdentifier>{14e11000-2218-43c6-994b-54a2f2b608f1}</UniqueIdentifier>
    </Filter>
    <Filter Include="Misc">
      <UniqueIdentifier>{89d2a8c7-df51-44f1-9713-16ac9e886b85}</UniqueIdentifier>
    </Filter>
    <Filter Include="Graphics\Shader\GLSL">
      <UniqueIdentifier>{4886de6e-3583-451d-8fb2-e2de8b78f14d}</UniqueIdentifier>
    </Filter>
    <Filter Include="Graphics\Mesh\TOL">
      <UniqueIdentifier>{6e3a8a83-880f-461b-b462-53f0888ff2a1}</UniqueIdentifier>
    </Filter>
    <Filter Include="Engine\Camera">
      <UniqueIdentifier>{6b6a8bcb-7584-4510-a2fe-376465715abe}</UniqueIdentifier>
    </Filter>
    <Filter Include="Engine\Input">
      <UniqueIdentifier>{3bc5c8c8-13d8-4ff9-ad32-91dfc9bd756b}</UniqueIdentifier>
    </Filter>
    <Filter Include="Graphics\Mesh\Structs">
      <UniqueIdentifier>{db030fc9-be34-43ed-aabe-0a045b7e05e4}</UniqueIdentifier>
    </Filter>
  </ItemGroup>
  <ItemGroup>
    <ClInclude Include="Engine.h">
      <Filter>Engine</Filter>
    </ClInclude>
    <ClInclude Include="Scene.h">
      <Filter>Scene</Filter>
    </ClInclude>
    <ClInclude Include="TestScene.h">
      <Filter>Scene\Scenes</Filter>
    </ClInclude>
    <ClInclude Include="Mesh.h">
      <Filter>Graphics\Mesh</Filter>
    </ClInclude>
    <ClInclude Include="Shader.h">
      <Filter>Graphics\Shader</Filter>
    </ClInclude>
    <ClInclude Include="Renderer.h">
      <Filter>Engine\Renderer</Filter>
    </ClInclude>
    <ClInclude Include="Globals.h">
      <Filter>Misc</Filter>
    </ClInclude>
    <ClInclude Include="Logger.h">
      <Filter>Misc</Filter>
    </ClInclude>
    <ClInclude Include="UniformBuffers.h">
      <Filter>Graphics\Shader</Filter>
    </ClInclude>
    <ClInclude Include="tiny_obj_loader.h">
      <Filter>Graphics\Mesh\TOL</Filter>
    </ClInclude>
    <ClInclude Include="Camera.h">
      <Filter>Engine\Camera</Filter>
    </ClInclude>
    <ClInclude Include="Input.h">
      <Filter>Engine\Input</Filter>
    </ClInclude>
    <ClInclude Include="Vertex.h">
      <Filter>Graphics\Mesh\Structs</Filter>
    </ClInclude>
    <ClInclude Include="Material.h">
      <Filter>Graphics\Mesh\Structs</Filter>
    </ClInclude>
  </ItemGroup>
  <ItemGroup>
    <None Include="..\README.md" />
    <None Include="..\Client\Shaders\fragment.glsl">
      <Filter>Graphics\Shader\GLSL</Filter>
    </None>
    <None Include="..\Client\Shaders\vertex.glsl">
      <Filter>Graphics\Shader\GLSL</Filter>
    </None>
    <None Include="packages.config" />
  </ItemGroup>
</Project>